
Microsoft Visual Studio Solution File, Format Version 12.00
# Visual Studio Version 17
VisualStudioVersion = 17.6.33815.320
MinimumVisualStudioVersion = 10.0.40219.1
Project("{FAE04EC0-301F-11D3-BF4B-00C04F79EFBC}") = "SkyNet", "SkyNet\SkyNet.csproj", "{1C7FC843-F34D-4E80-B1DC-AAEF1928E0D3}"
EndProject
Project("{FAE04EC0-301F-11D3-BF4B-00C04F79EFBC}") = "AdminSkyNet", "AdminSkyNet\AdminSkyNet.csproj", "{997009D8-DE75-4244-A1D5-F96BC872ED55}"
EndProject
Global
	GlobalSection(SolutionConfigurationPlatforms) = preSolution
		Debug|Any CPU = Debug|Any CPU
		Release|Any CPU = Release|Any CPU
	EndGlobalSection
	GlobalSection(ProjectConfigurationPlatforms) = postSolution
		{1C7FC843-F34D-4E80-B1DC-AAEF1928E0D3}.Debug|Any CPU.ActiveCfg = Debug|Any CPU
		{1C7FC843-F34D-4E80-B1DC-AAEF1928E0D3}.Debug|Any CPU.Build.0 = Debug|Any CPU
		{1C7FC843-F34D-4E80-B1DC-AAEF1928E0D3}.Release|Any CPU.ActiveCfg = Release|Any CPU
		{1C7FC843-F34D-4E80-B1DC-AAEF1928E0D3}.Release|Any CPU.Build.0 = Release|Any CPU
		{997009D8-DE75-4244-A1D5-F96BC872ED55}.Debug|Any CPU.ActiveCfg = Debug|Any CPU
		{997009D8-DE75-4244-A1D5-F96BC872ED55}.Debug|Any CPU.Build.0 = Debug|Any CPU
		{997009D8-DE75-4244-A1D5-F96BC872ED55}.Release|Any CPU.ActiveCfg = Release|Any CPU
		{997009D8-DE75-4244-A1D5-F96BC872ED55}.Release|Any CPU.Build.0 = Release|Any CPU
	EndGlobalSection
	GlobalSection(SolutionProperties) = preSolution
		HideSolutionNode = FALSE
	EndGlobalSection
	GlobalSection(ExtensibilityGlobals) = postSolution
		SolutionGuid = {2F8705EF-FE3B-4EE7-9FB1-F53EE2ECC305}
	EndGlobalSection
EndGlobal
